{
  "name": "tbgame",
  "version": "1.0.0",
  "lockfileVersion": 1,
  "requires": true,
  "dependencies": {
    "@types/lodash": {
      "version": "4.14.100",
      "resolved": "http://registry.npm.taobao.org/@types/lodash/download/@types/lodash-4.14.100.tgz",
      "integrity": "sha1-81PdnTqXhWOLbLgCPmY5CXvTGWk="
    },
    "@types/node": {
      "version": "9.4.0",
      "resolved": "http://registry.npm.taobao.org/@types/node/download/@types/node-9.4.0.tgz",
      "integrity": "sha1-uFoLzx4cyE60kBt+lpZq7cbweNE="
    },
    "lodash": {
      "version": "4.17.4",
      "resolved": "http://registry.npm.taobao.org/lodash/download/lodash-4.17.4.tgz",
      "integrity": "sha1-eCA6TRwyiuHYbcpkYONptX9AVa4="
    },
    "mapstrace": {
      "version": "1.0.0",
      "resolved": "http://registry.npm.taobao.org/mapstrace/download/mapstrace-1.0.0.tgz",
      "integrity": "sha1-18QGcWp2KRzIaYZ1DPzkMy8mhNM=",
      "requires": {
        "source-map": "0.1.1",
        "stack-trace": "0.0.6"
      }
    },
    "requirejs": {
      "version": "2.3.5",
      "resolved": "http://registry.npm.taobao.org/requirejs/download/requirejs-2.3.5.tgz",
      "integrity": "sha1-YXuay7yzNlQO9JFNeQMjqNS4YbA="
    },
    "source-map": {
      "version": "0.1.1",
      "resolved": "http://registry.npm.taobao.org/source-map/download/source-map-0.1.1.tgz",
      "integrity": "sha1-UksMUR1Tw7GnaiEcCENhveFdpyY=",
      "requires": {
        "requirejs": "2.3.5"
      }
    }
    
  }
}
